
Microsoft Visual Studio Solution File, Format Version 12.00
# Visual Studio Version 16
VisualStudioVersion = 16.0.31605.320
MinimumVisualStudioVersion = 10.0.40219.1
Project("{FAE04EC0-301F-11D3-BF4B-00C04F79EFBC}") = "Kursach", "Kursach\Kursach.csproj", "{36178499-CC5C-4AEF-BD44-1F735B6088BD}"
EndProject
Global
	GlobalSection(SolutionConfigurationPlatforms) = preSolution
		Debug|Any CPU = Debug|Any CPU
		Release|Any CPU = Release|Any CPU
	EndGlobalSection
	GlobalSection(ProjectConfigurationPlatforms) = postSolution
		{36178499-CC5C-4AEF-BD44-1F735B6088BD}.Debug|Any CPU.ActiveCfg = Debug|Any CPU
		{36178499-CC5C-4AEF-BD44-1F735B6088BD}.Debug|Any CPU.Build.0 = Debug|Any CPU
		{36178499-CC5C-4AEF-BD44-1F735B6088BD}.Release|Any CPU.ActiveCfg = Release|Any CPU
		{36178499-CC5C-4AEF-BD44-1F735B6088BD}.Release|Any CPU.Build.0 = Release|Any CPU
	EndGlobalSection
	GlobalSection(SolutionProperties) = preSolution
		HideSolutionNode = FALSE
	EndGlobalSection
	GlobalSection(ExtensibilityGlobals) = postSolution
		SolutionGuid = {518B14F2-0336-414A-B756-7FCCB14EC8BD}
	EndGlobalSection
EndGlobal
